{
    "name": "telescope2",
    "version": "0.0.1",
    "lockfileVersion": 2,
    "requires": true,
    "packages": {
        "": {
            "name": "telescope2",
            "version": "0.0.1",
            "license": "AGPL-3.0-or-later",
            "devDependencies": {
                "@types/bootstrap": "^5.0.3",
                "@types/lodash": "^4.14.167",
                "requirejs": "^2.3.6"
            }
        },
        "node_modules/@popperjs/core": {
            "version": "2.9.2",
            "resolved": "https://registry.npmjs.org/@popperjs/core/-/core-2.9.2.tgz",
            "integrity": "sha512-VZMYa7+fXHdwIq1TDhSXoVmSPEGM/aa+6Aiq3nVVJ9bXr24zScr+NlKFKC3iPljA7ho/GAZr+d2jOf5GIRC30Q==",
            "dev": true,
            "funding": {
                "type": "opencollective",
                "url": "https://opencollective.com/popperjs"
            }
        },
        "node_modules/@types/bootstrap": {
            "version": "5.0.15",
            "resolved": "https://registry.npmjs.org/@types/bootstrap/-/bootstrap-5.0.15.tgz",
            "integrity": "sha512-ETmmPf2DvCfNvemlgbX/dCbxVufCU0PrGT0YQ8gjOCgKYR5AfV9lVjBmWdA7L6mJIGvKFFJr0ZmZKP4Dp1k+5g==",
            "dev": true,
            "dependencies": {
                "@popperjs/core": "^2.9.2",
                "@types/jquery": "*"
            }
        },
        "node_modules/@types/jquery": {
            "version": "3.5.5",
            "resolved": "https://registry.npmjs.org/@types/jquery/-/jquery-3.5.5.tgz",
            "integrity": "sha512-6RXU9Xzpc6vxNrS6FPPapN1SxSHgQ336WC6Jj/N8q30OiaBZ00l1GBgeP7usjVZPivSkGUfL1z/WW6TX989M+w==",
            "dev": true,
            "dependencies": {
                "@types/sizzle": "*"
            }
        },
        "node_modules/@types/lodash": {
            "version": "4.14.170",
            "resolved": "https://registry.npmjs.org/@types/lodash/-/lodash-4.14.170.tgz",
            "integrity": "sha512-bpcvu/MKHHeYX+qeEN8GE7DIravODWdACVA1ctevD8CN24RhPZIKMn9ntfAsrvLfSX3cR5RrBKAbYm9bGs0A+Q==",
            "dev": true
        },
        "node_modules/@types/sizzle": {
            "version": "2.3.3",
            "resolved": "https://registry.npmjs.org/@types/sizzle/-/sizzle-2.3.3.tgz",
            "integrity": "sha512-JYM8x9EGF163bEyhdJBpR2QX1R5naCJHC8ucJylJ3w9/CVBaskdQ8WqBf8MmQrd1kRvp/a4TS8HJ+bxzR7ZJYQ==",
            "dev": true
        },
        "node_modules/requirejs": {
            "version": "2.3.6",
            "resolved": "https://registry.npmjs.org/requirejs/-/requirejs-2.3.6.tgz",
            "integrity": "sha512-ipEzlWQe6RK3jkzikgCupiTbTvm4S0/CAU5GlgptkN5SO6F3u0UD0K18wy6ErDqiCyP4J4YYe1HuAShvsxePLg==",
            "dev": true,
            "bin": {
                "r_js": "bin/r.js",
                "r.js": "bin/r.js"
            },
            "engines": {
                "node": ">=0.4.0"
            }
        }
    },
    "dependencies": {
        "@popperjs/core": {
            "version": "2.9.2",
            "resolved": "https://registry.npmjs.org/@popperjs/core/-/core-2.9.2.tgz",
            "integrity": "sha512-VZMYa7+fXHdwIq1TDhSXoVmSPEGM/aa+6Aiq3nVVJ9bXr24zScr+NlKFKC3iPljA7ho/GAZr+d2jOf5GIRC30Q==",
            "dev": true
        },
        "@types/bootstrap": {
            "version": "5.0.15",
            "resolved": "https://registry.npmjs.org/@types/bootstrap/-/bootstrap-5.0.15.tgz",
            "integrity": "sha512-ETmmPf2DvCfNvemlgbX/dCbxVufCU0PrGT0YQ8gjOCgKYR5AfV9lVjBmWdA7L6mJIGvKFFJr0ZmZKP4Dp1k+5g==",
            "dev": true,
            "requires": {
                "@popperjs/core": "^2.9.2",
                "@types/jquery": "*"
            }
        },
        "@types/jquery": {
            "version": "3.5.5",
            "resolved": "https://registry.npmjs.org/@types/jquery/-/jquery-3.5.5.tgz",
            "integrity": "sha512-6RXU9Xzpc6vxNrS6FPPapN1SxSHgQ336WC6Jj/N8q30OiaBZ00l1GBgeP7usjVZPivSkGUfL1z/WW6TX989M+w==",
            "dev": true,
            "requires": {
                "@types/sizzle": "*"
            }
        },
        "@types/lodash": {
            "version": "4.14.170",
            "resolved": "https://registry.npmjs.org/@types/lodash/-/lodash-4.14.170.tgz",
            "integrity": "sha512-bpcvu/MKHHeYX+qeEN8GE7DIravODWdACVA1ctevD8CN24RhPZIKMn9ntfAsrvLfSX3cR5RrBKAbYm9bGs0A+Q==",
            "dev": true
        },
        "@types/sizzle": {
            "version": "2.3.3",
            "resolved": "https://registry.npmjs.org/@types/sizzle/-/sizzle-2.3.3.tgz",
            "integrity": "sha512-JYM8x9EGF163bEyhdJBpR2QX1R5naCJHC8ucJylJ3w9/CVBaskdQ8WqBf8MmQrd1kRvp/a4TS8HJ+bxzR7ZJYQ==",
            "dev": true
        },
        "requirejs": {
            "version": "2.3.6",
            "resolved": "https://registry.npmjs.org/requirejs/-/requirejs-2.3.6.tgz",
            "integrity": "sha512-ipEzlWQe6RK3jkzikgCupiTbTvm4S0/CAU5GlgptkN5SO6F3u0UD0K18wy6ErDqiCyP4J4YYe1HuAShvsxePLg==",
            "dev": true
        }
    }
}
